// !$*UTF8*$!
{
	archiveVersion = 1;
	classes = {
	};
	objectVersion = 55;
	objects = {

/* Begin PBXBuildFile section */
		B30E470028B4FC1300E8893E /* ShellService.swift in Sources */ = {isa = PBXBuildFile; fileRef = B30E46FF28B4FC1300E8893E /* ShellService.swift */; };
		B30E470228B5217400E8893E /* ThemeColor.swift in Sources */ = {isa = PBXBuildFile; fileRef = B30E470128B5217400E8893E /* ThemeColor.swift */; };
		B33B298428B4A903009CD8D7 /* MioApp.swift in Sources */ = {isa = PBXBuildFile; fileRef = B33B298328B4A903009CD8D7 /* MioApp.swift */; };
		B33B298628B4A903009CD8D7 /* ContentView.swift in Sources */ = {isa = PBXBuildFile; fileRef = B33B298528B4A903009CD8D7 /* ContentView.swift */; };
		B33B298828B4A906009CD8D7 /* Assets.xcassets in Resources */ = {isa = PBXBuildFile; fileRef = B33B298728B4A906009CD8D7 /* Assets.xcassets */; };
		B33B298B28B4A906009CD8D7 /* Preview Assets.xcassets in Resources */ = {isa = PBXBuildFile; fileRef = B33B298A28B4A906009CD8D7 /* Preview Assets.xcassets */; };
		B35BCCD128B4ACB200F1779E /* Project.swift in Sources */ = {isa = PBXBuildFile; fileRef = B35BCCD028B4ACB200F1779E /* Project.swift */; };
		B3BA457728B4AD8D002F11C2 /* Mock.swift in Sources */ = {isa = PBXBuildFile; fileRef = B3BA457628B4AD8D002F11C2 /* Mock.swift */; };
		B3BA457928B4ADCB002F11C2 /* Store.swift in Sources */ = {isa = PBXBuildFile; fileRef = B3BA457828B4ADCB002F11C2 /* Store.swift */; };
		B3BA457D28B4AF38002F11C2 /* Sidebar.swift in Sources */ = {isa = PBXBuildFile; fileRef = B3BA457C28B4AF38002F11C2 /* Sidebar.swift */; };
		B3BA457F28B4B6C7002F11C2 /* SidebarItem.swift in Sources */ = {isa = PBXBuildFile; fileRef = B3BA457E28B4B6C7002F11C2 /* SidebarItem.swift */; };
		B3BA458228B4B7ED002F11C2 /* ProjectView.swift in Sources */ = {isa = PBXBuildFile; fileRef = B3BA458128B4B7ED002F11C2 /* ProjectView.swift */; };
		B3BA458528B4C0FD002F11C2 /* SwiftTerm in Frameworks */ = {isa = PBXBuildFile; productRef = B3BA458428B4C0FD002F11C2 /* SwiftTerm */; };
		B3BA458828B4C12B002F11C2 /* TermView.swift in Sources */ = {isa = PBXBuildFile; fileRef = B3BA458728B4C12B002F11C2 /* TermView.swift */; };
/* End PBXBuildFile section */

/* Begin PBXFileReference section */
		B30E46FF28B4FC1300E8893E /* ShellService.swift */ = {isa = PBXFileReference; lastKnownFileType = sourcecode.swift; path = ShellService.swift; sourceTree = "<group>"; };
		B30E470128B5217400E8893E /* ThemeColor.swift */ = {isa = PBXFileReference; lastKnownFileType = sourcecode.swift; path = ThemeColor.swift; sourceTree = "<group>"; };
		B33B298028B4A903009CD8D7 /* Mio.app */ = {isa = PBXFileReference; explicitFileType = wrapper.application; includeInIndex = 0; path = Mio.app; sourceTree = BUILT_PRODUCTS_DIR; };
		B33B298328B4A903009CD8D7 /* MioApp.swift */ = {isa = PBXFileReference; lastKnownFileType = sourcecode.swift; path = MioApp.swift; sourceTree = "<group>"; };
		B33B298528B4A903009CD8D7 /* ContentView.swift */ = {isa = PBXFileReference; lastKnownFileType = sourcecode.swift; path = ContentView.swift; sourceTree = "<group>"; };
		B33B298728B4A906009CD8D7 /* Assets.xcassets */ = {isa = PBXFileReference; lastKnownFileType = folder.assetcatalog; path = Assets.xcassets; sourceTree = "<group>"; };
		B33B298A28B4A906009CD8D7 /* Preview Assets.xcassets */ = {isa = PBXFileReference; lastKnownFileType = folder.assetcatalog; path = "Preview Assets.xcassets"; sourceTree = "<group>"; };
		B33B298C28B4A906009CD8D7 /* Mio.entitlements */ = {isa = PBXFileReference; lastKnownFileType = text.plist.entitlements; path = Mio.entitlements; sourceTree = "<group>"; };
		B35BCCD028B4ACB200F1779E /* Project.swift */ = {isa = PBXFileReference; lastKnownFileType = sourcecode.swift; path = Project.swift; sourceTree = "<group>"; };
		B3BA457628B4AD8D002F11C2 /* Mock.swift */ = {isa = PBXFileReference; lastKnownFileType = sourcecode.swift; path = Mock.swift; sourceTree = "<group>"; };
		B3BA457828B4ADCB002F11C2 /* Store.swift */ = {isa = PBXFileReference; lastKnownFileType = sourcecode.swift; path = Store.swift; sourceTree = "<group>"; };
		B3BA457C28B4AF38002F11C2 /* Sidebar.swift */ = {isa = PBXFileReference; lastKnownFileType = sourcecode.swift; path = Sidebar.swift; sourceTree = "<group>"; };
		B3BA457E28B4B6C7002F11C2 /* SidebarItem.swift */ = {isa = PBXFileReference; lastKnownFileType = sourcecode.swift; path = SidebarItem.swift; sourceTree = "<group>"; };
		B3BA458128B4B7ED002F11C2 /* ProjectView.swift */ = {isa = PBXFileReference; lastKnownFileType = sourcecode.swift; path = ProjectView.swift; sourceTree = "<group>"; };
		B3BA458728B4C12B002F11C2 /* TermView.swift */ = {isa = PBXFileReference; lastKnownFileType = sourcecode.swift; path = TermView.swift; sourceTree = "<group>"; };
/* End PBXFileReference section */

/* Begin PBXFrameworksBuildPhase section */
		B33B297D28B4A903009CD8D7 /* Frameworks */ = {
			isa = PBXFrameworksBuildPhase;
			buildActionMask = 2147483647;
			files = (
				B3BA458528B4C0FD002F11C2 /* SwiftTerm in Frameworks */,
			);
			runOnlyForDeploymentPostprocessing = 0;
		};
/* End PBXFrameworksBuildPhase section */

/* Begin PBXGroup section */
		B30E46FE28B4FC0700E8893E /* Services */ = {
			isa = PBXGroup;
			children = (
				B30E46FF28B4FC1300E8893E /* ShellService.swift */,
			);
			path = Services;
			sourceTree = "<group>";
		};
		B33B297728B4A903009CD8D7 = {
			isa = PBXGroup;
			children = (
				B33B298228B4A903009CD8D7 /* Mio */,
				B33B298128B4A903009CD8D7 /* Products */,
			);
			sourceTree = "<group>";
		};
		B33B298128B4A903009CD8D7 /* Products */ = {
			isa = PBXGroup;
			children = (
				B33B298028B4A903009CD8D7 /* Mio.app */,
			);
			name = Products;
			sourceTree = "<group>";
		};
		B33B298228B4A903009CD8D7 /* Mio */ = {
			isa = PBXGroup;
			children = (
				B30E46FE28B4FC0700E8893E /* Services */,
				B3BA457A28B4AF1F002F11C2 /* Views */,
				B35BCCCF28B4ACA400F1779E /* Models */,
				B33B298328B4A903009CD8D7 /* MioApp.swift */,
				B33B298528B4A903009CD8D7 /* ContentView.swift */,
				B33B298728B4A906009CD8D7 /* Assets.xcassets */,
				B33B298C28B4A906009CD8D7 /* Mio.entitlements */,
				B33B298928B4A906009CD8D7 /* Preview Content */,
			);
			path = Mio;
			sourceTree = "<group>";
		};
		B33B298928B4A906009CD8D7 /* Preview Content */ = {
			isa = PBXGroup;
			children = (
				B33B298A28B4A906009CD8D7 /* Preview Assets.xcassets */,
			);
			path = "Preview Content";
			sourceTree = "<group>";
		};
		B35BCCCF28B4ACA400F1779E /* Models */ = {
			isa = PBXGroup;
			children = (
				B3BA457528B4AD81002F11C2 /* Mocks */,
				B35BCCD028B4ACB200F1779E /* Project.swift */,
				B3BA457828B4ADCB002F11C2 /* Store.swift */,
				B30E470128B5217400E8893E /* ThemeColor.swift */,
			);
			path = Models;
			sourceTree = "<group>";
		};
		B3BA457528B4AD81002F11C2 /* Mocks */ = {
			isa = PBXGroup;
			children = (
				B3BA457628B4AD8D002F11C2 /* Mock.swift */,
			);
			path = Mocks;
			sourceTree = "<group>";
		};
		B3BA457A28B4AF1F002F11C2 /* Views */ = {
			isa = PBXGroup;
			children = (
				B3BA458628B4C121002F11C2 /* Term */,
				B3BA458028B4B7DB002F11C2 /* Project */,
				B3BA457B28B4AF24002F11C2 /* Sidebar */,
			);
			path = Views;
			sourceTree = "<group>";
		};
		B3BA457B28B4AF24002F11C2 /* Sidebar */ = {
			isa = PBXGroup;
			children = (
				B3BA457C28B4AF38002F11C2 /* Sidebar.swift */,
				B3BA457E28B4B6C7002F11C2 /* SidebarItem.swift */,
			);
			path = Sidebar;
			sourceTree = "<group>";
		};
		B3BA458028B4B7DB002F11C2 /* Project */ = {
			isa = PBXGroup;
			children = (
				B3BA458128B4B7ED002F11C2 /* ProjectView.swift */,
			);
			path = Project;
			sourceTree = "<group>";
		};
		B3BA458628B4C121002F11C2 /* Term */ = {
			isa = PBXGroup;
			children = (
				B3BA458728B4C12B002F11C2 /* TermView.swift */,
			);
			path = Term;
			sourceTree = "<group>";
		};
/* End PBXGroup section */

/* Begin PBXNativeTarget section */
		B33B297F28B4A903009CD8D7 /* Mio */ = {
			isa = PBXNativeTarget;
			buildConfigurationList = B33B298F28B4A906009CD8D7 /* Build configuration list for PBXNativeTarget "Mio" */;
			buildPhases = (
				B33B297C28B4A903009CD8D7 /* Sources */,
				B33B297D28B4A903009CD8D7 /* Frameworks */,
				B33B297E28B4A903009CD8D7 /* Resources */,
			);
			buildRules = (
			);
			dependencies = (
			);
			name = Mio;
			packageProductDependencies = (
				B3BA458428B4C0FD002F11C2 /* SwiftTerm */,
			);
			productName = Mio;
			productReference = B33B298028B4A903009CD8D7 /* Mio.app */;
			productType = "com.apple.product-type.application";
		};
/* End PBXNativeTarget section */

/* Begin PBXProject section */
		B33B297828B4A903009CD8D7 /* Project object */ = {
			isa = PBXProject;
			attributes = {
				BuildIndependentTargetsInParallel = 1;
				LastSwiftUpdateCheck = 1340;
				LastUpgradeCheck = 1340;
				TargetAttributes = {
					B33B297F28B4A903009CD8D7 = {
						CreatedOnToolsVersion = 13.4.1;
					};
				};
			};
			buildConfigurationList = B33B297B28B4A903009CD8D7 /* Build configuration list for PBXProject "Mio" */;
			compatibilityVersion = "Xcode 13.0";
			developmentRegion = en;
			hasScannedForEncodings = 0;
			knownRegions = (
				en,
				Base,
			);
			mainGroup = B33B297728B4A903009CD8D7;
			packageReferences = (
				B3BA458328B4C0FD002F11C2 /* XCRemoteSwiftPackageReference "SwiftTerm" */,
			);
			productRefGroup = B33B298128B4A903009CD8D7 /* Products */;
			projectDirPath = "";
			projectRoot = "";
			targets = (
				B33B297F28B4A903009CD8D7 /* Mio */,
			);
		};
/* End PBXProject section */

/* Begin PBXResourcesBuildPhase section */
		B33B297E28B4A903009CD8D7 /* Resources */ = {
			isa = PBXResourcesBuildPhase;
			buildActionMask = 2147483647;
			files = (
				B33B298B28B4A906009CD8D7 /* Preview Assets.xcassets in Resources */,
				B33B298828B4A906009CD8D7 /* Assets.xcassets in Resources */,
			);
			runOnlyForDeploymentPostprocessing = 0;
		};
/* End PBXResourcesBuildPhase section */

/* Begin PBXSourcesBuildPhase section */
		B33B297C28B4A903009CD8D7 /* Sources */ = {
			isa = PBXSourcesBuildPhase;
			buildActionMask = 2147483647;
			files = (
				B3BA457928B4ADCB002F11C2 /* Store.swift in Sources */,
				B33B298628B4A903009CD8D7 /* ContentView.swift in Sources */,
				B30E470028B4FC1300E8893E /* ShellService.swift in Sources */,
				B33B298428B4A903009CD8D7 /* MioApp.swift in Sources */,
				B35BCCD128B4ACB200F1779E /* Project.swift in Sources */,
				B3BA457F28B4B6C7002F11C2 /* SidebarItem.swift in Sources */,
				B30E470228B5217400E8893E /* ThemeColor.swift in Sources */,
				B3BA458828B4C12B002F11C2 /* TermView.swift in Sources */,
				B3BA457D28B4AF38002F11C2 /* Sidebar.swift in Sources */,
				B3BA458228B4B7ED002F11C2 /* ProjectView.swift in Sources */,
				B3BA457728B4AD8D002F11C2 /* Mock.swift in Sources */,
			);
			runOnlyForDeploymentPostprocessing = 0;
		};
/* End PBXSourcesBuildPhase section */

/* Begin XCBuildConfiguration section */
		B33B298D28B4A906009CD8D7 /* Debug */ = {
			isa = XCBuildConfiguration;
			buildSettings = {
				ALWAYS_SEARCH_USER_PATHS = NO;
				CLANG_ANALYZER_NONNULL = YES;
				CLANG_ANALYZER_NUMBER_OBJECT_CONVERSION = YES_AGGRESSIVE;
				CLANG_CXX_LANGUAGE_STANDARD = "gnu++17";
				CLANG_ENABLE_MODULES = YES;
				CLANG_ENABLE_OBJC_ARC = YES;
				CLANG_ENABLE_OBJC_WEAK = YES;
				CLANG_WARN_BLOCK_CAPTURE_AUTORELEASING = YES;
				CLANG_WARN_BOOL_CONVERSION = YES;
				CLANG_WARN_COMMA = YES;
				CLANG_WARN_CONSTANT_CONVERSION = YES;
				CLANG_WARN_DEPRECATED_OBJC_IMPLEMENTATIONS = YES;
				CLANG_WARN_DIRECT_OBJC_ISA_USAGE = YES_ERROR;
				CLANG_WARN_DOCUMENTATION_COMMENTS = YES;
				CLANG_WARN_EMPTY_BODY = YES;
				CLANG_WARN_ENUM_CONVERSION = YES;
				CLANG_WARN_INFINITE_RECURSION = YES;
				CLANG_WARN_INT_CONVERSION = YES;
				CLANG_WARN_NON_LITERAL_NULL_CONVERSION = YES;
				CLANG_WARN_OBJC_IMPLICIT_RETAIN_SELF = YES;
				CLANG_WARN_OBJC_LITERAL_CONVERSION = YES;
				CLANG_WARN_OBJC_ROOT_CLASS = YES_ERROR;
				CLANG_WARN_QUOTED_INCLUDE_IN_FRAMEWORK_HEADER = YES;
				CLANG_WARN_RANGE_LOOP_ANALYSIS = YES;
				CLANG_WARN_STRICT_PROTOTYPES = YES;
				CLANG_WARN_SUSPICIOUS_MOVE = YES;
				CLANG_WARN_UNGUARDED_AVAILABILITY = YES_AGGRESSIVE;
				CLANG_WARN_UNREACHABLE_CODE = YES;
				CLANG_WARN__DUPLICATE_METHOD_MATCH = YES;
				COPY_PHASE_STRIP = NO;
				DEBUG_INFORMATION_FORMAT = dwarf;
				ENABLE_STRICT_OBJC_MSGSEND = YES;
				ENABLE_TESTABILITY = YES;
				GCC_C_LANGUAGE_STANDARD = gnu11;
				GCC_DYNAMIC_NO_PIC = NO;
				GCC_NO_COMMON_BLOCKS = YES;
				GCC_OPTIMIZATION_LEVEL = 0;
				GCC_PREPROCESSOR_DEFINITIONS = (
					"DEBUG=1",
					"$(inherited)",
				);
				GCC_WARN_64_TO_32_BIT_CONVERSION = YES;
				GCC_WARN_ABOUT_RETURN_TYPE = YES_ERROR;
				GCC_WARN_UNDECLARED_SELECTOR = YES;
				GCC_WARN_UNINITIALIZED_AUTOS = YES_AGGRESSIVE;
				GCC_WARN_UNUSED_FUNCTION = YES;
				GCC_WARN_UNUSED_VARIABLE = YES;
				MACOSX_DEPLOYMENT_TARGET = 12.3;
				MTL_ENABLE_DEBUG_INFO = INCLUDE_SOURCE;
				MTL_FAST_MATH = YES;
				ONLY_ACTIVE_ARCH = YES;
				SDKROOT = macosx;
				SWIFT_ACTIVE_COMPILATION_CONDITIONS = DEBUG;
				SWIFT_OPTIMIZATION_LEVEL = "-Onone";
			};
			name = Debug;
		};
		B33B298E28B4A906009CD8D7 /* Release */ = {
			isa = XCBuildConfiguration;
			buildSettings = {
				ALWAYS_SEARCH_USER_PATHS = NO;
				CLANG_ANALYZER_NONNULL = YES;
				CLANG_ANALYZER_NUMBER_OBJECT_CONVERSION = YES_AGGRESSIVE;
				CLANG_CXX_LANGUAGE_STANDARD = "gnu++17";
				CLANG_ENABLE_MODULES = YES;
				CLANG_ENABLE_OBJC_ARC = YES;
				CLANG_ENABLE_OBJC_WEAK = YES;
				CLANG_WARN_BLOCK_CAPTURE_AUTORELEASING = YES;
				CLANG_WARN_BOOL_CONVERSION = YES;
				CLANG_WARN_COMMA = YES;
				CLANG_WARN_CONSTANT_CONVERSION = YES;
				CLANG_WARN_DEPRECATED_OBJC_IMPLEMENTATIONS = YES;
				CLANG_WARN_DIRECT_OBJC_ISA_USAGE = YES_ERROR;
				CLANG_WARN_DOCUMENTATION_COMMENTS = YES;
				CLANG_WARN_EMPTY_BODY = YES;
				CLANG_WARN_ENUM_CONVERSION = YES;
				CLANG_WARN_INFINITE_RECURSION = YES;
				CLANG_WARN_INT_CONVERSION = YES;
				CLANG_WARN_NON_LITERAL_NULL_CONVERSION = YES;
				CLANG_WARN_OBJC_IMPLICIT_RETAIN_SELF = YES;
				CLANG_WARN_OBJC_LITERAL_CONVERSION = YES;
				CLANG_WARN_OBJC_ROOT_CLASS = YES_ERROR;
				CLANG_WARN_QUOTED_INCLUDE_IN_FRAMEWORK_HEADER = YES;
				CLANG_WARN_RANGE_LOOP_ANALYSIS = YES;
				CLANG_WARN_STRICT_PROTOTYPES = YES;
				CLANG_WARN_SUSPICIOUS_MOVE = YES;
				CLANG_WARN_UNGUARDED_AVAILABILITY = YES_AGGRESSIVE;
				CLANG_WARN_UNREACHABLE_CODE = YES;
				CLANG_WARN__DUPLICATE_METHOD_MATCH = YES;
				COPY_PHASE_STRIP = NO;
				DEBUG_INFORMATION_FORMAT = "dwarf-with-dsym";
				ENABLE_NS_ASSERTIONS = NO;
				ENABLE_STRICT_OBJC_MSGSEND = YES;
				GCC_C_LANGUAGE_STANDARD = gnu11;
				GCC_NO_COMMON_BLOCKS = YES;
				GCC_WARN_64_TO_32_BIT_CONVERSION = YES;
				GCC_WARN_ABOUT_RETURN_TYPE = YES_ERROR;
				GCC_WARN_UNDECLARED_SELECTOR = YES;
				GCC_WARN_UNINITIALIZED_AUTOS = YES_AGGRESSIVE;
				GCC_WARN_UNUSED_FUNCTION = YES;
				GCC_WARN_UNUSED_VARIABLE = YES;
				MACOSX_DEPLOYMENT_TARGET = 12.3;
				MTL_ENABLE_DEBUG_INFO = NO;
				MTL_FAST_MATH = YES;
				SDKROOT = macosx;
				SWIFT_COMPILATION_MODE = wholemodule;
				SWIFT_OPTIMIZATION_LEVEL = "-O";
			};
			name = Release;
		};
		B33B299028B4A906009CD8D7 /* Debug */ = {
			isa = XCBuildConfiguration;
			buildSettings = {
				ASSETCATALOG_COMPILER_APPICON_NAME = AppIcon;
				ASSETCATALOG_COMPILER_GLOBAL_ACCENT_COLOR_NAME = AccentColor;
				CODE_SIGN_ENTITLEMENTS = Mio/Mio.entitlements;
				CODE_SIGN_STYLE = Automatic;
				COMBINE_HIDPI_IMAGES = YES;
				CURRENT_PROJECT_VERSION = 1;
				DEVELOPMENT_ASSET_PATHS = "\"Mio/Preview Content\"";
				ENABLE_PREVIEWS = YES;
				GENERATE_INFOPLIST_FILE = YES;
				INFOPLIST_KEY_NSHumanReadableCopyright = "";
				LD_RUNPATH_SEARCH_PATHS = (
					"$(inherited)",
					"@executable_path/../Frameworks",
				);
				MARKETING_VERSION = 1.0;
				PRODUCT_BUNDLE_IDENTIFIER = "com.pop-tap.Mio";
				PRODUCT_NAME = "$(TARGET_NAME)";
				SWIFT_EMIT_LOC_STRINGS = YES;
				SWIFT_VERSION = 5.0;
			};
			name = Debug;
		};
		B33B299128B4A906009CD8D7 /* Release */ = {
			isa = XCBuildConfiguration;
			buildSettings = {
				ASSETCATALOG_COMPILER_APPICON_NAME = AppIcon;
				ASSETCATALOG_COMPILER_GLOBAL_ACCENT_COLOR_NAME = AccentColor;
				CODE_SIGN_ENTITLEMENTS = Mio/Mio.entitlements;
				CODE_SIGN_STYLE = Automatic;
				COMBINE_HIDPI_IMAGES = YES;
				CURRENT_PROJECT_VERSION = 1;
				DEVELOPMENT_ASSET_PATHS = "\"Mio/Preview Content\"";
				ENABLE_PREVIEWS = YES;
				GENERATE_INFOPLIST_FILE = YES;
				INFOPLIST_KEY_NSHumanReadableCopyright = "";
				LD_RUNPATH_SEARCH_PATHS = (
					"$(inherited)",
					"@executable_path/../Frameworks",
				);
				MARKETING_VERSION = 1.0;
				PRODUCT_BUNDLE_IDENTIFIER = "com.pop-tap.Mio";
				PRODUCT_NAME = "$(TARGET_NAME)";
				SWIFT_EMIT_LOC_STRINGS = YES;
				SWIFT_VERSION = 5.0;
			};
			name = Release;
		};
/* End XCBuildConfiguration section */

/* Begin XCConfigurationList section */
		B33B297B28B4A903009CD8D7 /* Build configuration list for PBXProject "Mio" */ = {
			isa = XCConfigurationList;
			buildConfigurations = (
				B33B298D28B4A906009CD8D7 /* Debug */,
				B33B298E28B4A906009CD8D7 /* Release */,
			);
			defaultConfigurationIsVisible = 0;
			defaultConfigurationName = Release;
		};
		B33B298F28B4A906009CD8D7 /* Build configuration list for PBXNativeTarget "Mio" */ = {
			isa = XCConfigurationList;
			buildConfigurations = (
				B33B299028B4A906009CD8D7 /* Debug */,
				B33B299128B4A906009CD8D7 /* Release */,
			);
			defaultConfigurationIsVisible = 0;
			defaultConfigurationName = Release;
		};
/* End XCConfigurationList section */

/* Begin XCRemoteSwiftPackageReference section */
		B3BA458328B4C0FD002F11C2 /* XCRemoteSwiftPackageReference "SwiftTerm" */ = {
			isa = XCRemoteSwiftPackageReference;
			repositoryURL = "https://github.com/migueldeicaza/SwiftTerm.git";
			requirement = {
				kind = upToNextMajorVersion;
				minimumVersion = 1.0.0;
			};
		};
/* End XCRemoteSwiftPackageReference section */

/* Begin XCSwiftPackageProductDependency section */
		B3BA458428B4C0FD002F11C2 /* SwiftTerm */ = {
			isa = XCSwiftPackageProductDependency;
			package = B3BA458328B4C0FD002F11C2 /* XCRemoteSwiftPackageReference "SwiftTerm" */;
			productName = SwiftTerm;
		};
/* End XCSwiftPackageProductDependency section */
	};
	rootObject = B33B297828B4A903009CD8D7 /* Project object */;
}
